Microsoft Visual Studio Solution File, Format Version 12.00
# Visual Studio Version 17
VisualStudioVersion = 17.5.2.0
MinimumVisualStudioVersion = 10.0.40219.1
Project("{FAE04EC0-301F-11D3-BF4B-00C04F79EFBC}") = "Taskly", "Taskly.csproj", "{B10A5158-C0B9-39B0-68D6-4C5FFB941995}"
EndProject
Global
	GlobalSection(SolutionConfigurationPlatforms) = preSolution
		Debug|Any CPU = Debug|Any CPU
		Release|Any CPU = Release|Any CPU
	EndGlobalSection
	GlobalSection(ProjectConfigurationPlatforms) = postSolution
		{B10A5158-C0B9-39B0-68D6-4C5FFB941995}.Debug|Any CPU.ActiveCfg = Debug|Any CPU
		{B10A5158-C0B9-39B0-68D6-4C5FFB941995}.Debug|Any CPU.Build.0 = Debug|Any CPU
		{B10A5158-C0B9-39B0-68D6-4C5FFB941995}.Release|Any CPU.ActiveCfg = Release|Any CPU
		{B10A5158-C0B9-39B0-68D6-4C5FFB941995}.Release|Any CPU.Build.0 = Release|Any CPU
	EndGlobalSection
	GlobalSection(SolutionProperties) = preSolution
		HideSolutionNode = FALSE
	EndGlobalSection
	GlobalSection(ExtensibilityGlobals) = postSolution
		SolutionGuid = {8113872F-5F45-4E9C-871A-28033CD54B63}
	EndGlobalSection
EndGlobal
